
Microsoft Visual Studio Solution File, Format Version 12.00
# Visual Studio Version 17
VisualStudioVersion = 17.11.35222.181
MinimumVisualStudioVersion = 10.0.40219.1
Project("{FAE04EC0-301F-11D3-BF4B-00C04F79EFBC}") = "cw-01", "cw-01\cw-01.csproj", "{AA6CBC99-D44A-4AAE-88F6-2F706AB5B0C2}"
EndProject
Global
	GlobalSection(SolutionConfigurationPlatforms) = preSolution
		Debug|Any CPU = Debug|Any CPU
		Release|Any CPU = Release|Any CPU
	EndGlobalSection
	GlobalSection(ProjectConfigurationPlatforms) = postSolution
		{AA6CBC99-D44A-4AAE-88F6-2F706AB5B0C2}.Debug|Any CPU.ActiveCfg = Debug|Any CPU
		{AA6CBC99-D44A-4AAE-88F6-2F706AB5B0C2}.Debug|Any CPU.Build.0 = Debug|Any CPU
		{AA6CBC99-D44A-4AAE-88F6-2F706AB5B0C2}.Release|Any CPU.ActiveCfg = Release|Any CPU
		{AA6CBC99-D44A-4AAE-88F6-2F706AB5B0C2}.Release|Any CPU.Build.0 = Release|Any CPU
	EndGlobalSection
	GlobalSection(SolutionProperties) = preSolution
		HideSolutionNode = FALSE
	EndGlobalSection
	GlobalSection(ExtensibilityGlobals) = postSolution
		SolutionGuid = {CAF8D03D-8A98-4298-B615-197DBE41C5AB}
	EndGlobalSection
EndGlobal
